// !$*UTF8*$!
{
	archiveVersion = 1;
	classes = {
	};
	objectVersion = 50;
	objects = {

/* Begin PBXBuildFile section */
		846F8FB028B8052300CC719C /* AppDelegate.swift in Sources */ = {isa = PBXBuildFile; fileRef = 846F8FAF28B8052300CC719C /* AppDelegate.swift */; };
		846F8FB228B8052300CC719C /* SceneDelegate.swift in Sources */ = {isa = PBXBuildFile; fileRef = 846F8FB128B8052300CC719C /* SceneDelegate.swift */; };
		846F8FB428B8052300CC719C /* ViewController.swift in Sources */ = {isa = PBXBuildFile; fileRef = 846F8FB328B8052300CC719C /* ViewController.swift */; };
		846F8FB728B8052300CC719C /* Main.storyboard in Resources */ = {isa = PBXBuildFile; fileRef = 846F8FB528B8052300CC719C /* Main.storyboard */; };
		846F8FBA28B8052300CC719C /* MirianMaglakelidze_26.xcdatamodeld in Sources */ = {isa = PBXBuildFile; fileRef = 846F8FB828B8052300CC719C /* MirianMaglakelidze_26.xcdatamodeld */; };
		846F8FBC28B8052F00CC719C /* Assets.xcassets in Resources */ = {isa = PBXBuildFile; fileRef = 846F8FBB28B8052F00CC719C /* Assets.xcassets */; };
		846F8FBF28B8052F00CC719C /* LaunchScreen.storyboard in Resources */ = {isa = PBXBuildFile; fileRef = 846F8FBD28B8052F00CC719C /* LaunchScreen.storyboard */; };
		846F8FCF28B80F7700CC719C /* NotePresenter.swift in Sources */ = {isa = PBXBuildFile; fileRef = 846F8FC928B80F7700CC719C /* NotePresenter.swift */; };
		846F8FD028B80F7700CC719C /* NoteWorker.swift in Sources */ = {isa = PBXBuildFile; fileRef = 846F8FCA28B80F7700CC719C /* NoteWorker.swift */; };
		846F8FD128B80F7700CC719C /* NoteRouter.swift in Sources */ = {isa = PBXBuildFile; fileRef = 846F8FCB28B80F7700CC719C /* NoteRouter.swift */; };
		846F8FD228B80F7700CC719C /* NoteModels.swift in Sources */ = {isa = PBXBuildFile; fileRef = 846F8FCC28B80F7700CC719C /* NoteModels.swift */; };
		846F8FD328B80F7700CC719C /* NoteViewController.swift in Sources */ = {isa = PBXBuildFile; fileRef = 846F8FCD28B80F7700CC719C /* NoteViewController.swift */; };
		846F8FD428B80F7700CC719C /* NoteInteractor.swift in Sources */ = {isa = PBXBuildFile; fileRef = 846F8FCE28B80F7700CC719C /* NoteInteractor.swift */; };
		846F8FD828B8119F00CC719C /* ConstanFile.swift in Sources */ = {isa = PBXBuildFile; fileRef = 846F8FD728B8119F00CC719C /* ConstanFile.swift */; };
		846F8FDD28B8126500CC719C /* NoteTableViewCell.swift in Sources */ = {isa = PBXBuildFile; fileRef = 846F8FDC28B8126500CC719C /* NoteTableViewCell.swift */; };
		84C37F7228B8A1D50093A2F6 /* MyNote+CoreDataClass.swift in Sources */ = {isa = PBXBuildFile; fileRef = 84C37F7028B8A1D50093A2F6 /* MyNote+CoreDataClass.swift */; };
		84C37F7328B8A1D50093A2F6 /* MyNote+CoreDataProperties.swift in Sources */ = {isa = PBXBuildFile; fileRef = 84C37F7128B8A1D50093A2F6 /* MyNote+CoreDataProperties.swift */; };
		84C37F7D28B8B5D20093A2F6 /* EditPresenter.swift in Sources */ = {isa = PBXBuildFile; fileRef = 84C37F7728B8B5D20093A2F6 /* EditPresenter.swift */; };
		84C37F7E28B8B5D20093A2F6 /* EditWorker.swift in Sources */ = {isa = PBXBuildFile; fileRef = 84C37F7828B8B5D20093A2F6 /* EditWorker.swift */; };
		84C37F7F28B8B5D20093A2F6 /* EditRouter.swift in Sources */ = {isa = PBXBuildFile; fileRef = 84C37F7928B8B5D20093A2F6 /* EditRouter.swift */; };
		84C37F8028B8B5D20093A2F6 /* EditModels.swift in Sources */ = {isa = PBXBuildFile; fileRef = 84C37F7A28B8B5D20093A2F6 /* EditModels.swift */; };
		84C37F8128B8B5D20093A2F6 /* EditViewController.swift in Sources */ = {isa = PBXBuildFile; fileRef = 84C37F7B28B8B5D20093A2F6 /* EditViewController.swift */; };
		84C37F8228B8B5D20093A2F6 /* EditInteractor.swift in Sources */ = {isa = PBXBuildFile; fileRef = 84C37F7C28B8B5D20093A2F6 /* EditInteractor.swift */; };
		84C37F8B28B8E50E0093A2F6 /* AddPresenter.swift in Sources */ = {isa = PBXBuildFile; fileRef = 84C37F8528B8E50D0093A2F6 /* AddPresenter.swift */; };
		84C37F8C28B8E50E0093A2F6 /* AddWorker.swift in Sources */ = {isa = PBXBuildFile; fileRef = 84C37F8628B8E50D0093A2F6 /* AddWorker.swift */; };
		84C37F8D28B8E50E0093A2F6 /* AddRouter.swift in Sources */ = {isa = PBXBuildFile; fileRef = 84C37F8728B8E50D0093A2F6 /* AddRouter.swift */; };
		84C37F8E28B8E50E0093A2F6 /* AddModels.swift in Sources */ = {isa = PBXBuildFile; fileRef = 84C37F8828B8E50E0093A2F6 /* AddModels.swift */; };
		84C37F8F28B8E50E0093A2F6 /* AddViewController.swift in Sources */ = {isa = PBXBuildFile; fileRef = 84C37F8928B8E50E0093A2F6 /* AddViewController.swift */; };
		84C37F9028B8E50E0093A2F6 /* AddInteractor.swift in Sources */ = {isa = PBXBuildFile; fileRef = 84C37F8A28B8E50E0093A2F6 /* AddInteractor.swift */; };
		84C37F9428B8FAC50093A2F6 /* NoteForme.swift in Sources */ = {isa = PBXBuildFile; fileRef = 84C37F9328B8FAC50093A2F6 /* NoteForme.swift */; };
		84C37FA128B910A20093A2F6 /* TitleForAlert.swift in Sources */ = {isa = PBXBuildFile; fileRef = 84C37FA028B910A20093A2F6 /* TitleForAlert.swift */; };
		84C37FAA28B9152A0093A2F6 /* FavouritePresenter.swift in Sources */ = {isa = PBXBuildFile; fileRef = 84C37FA428B9152A0093A2F6 /* FavouritePresenter.swift */; };
		84C37FAB28B9152A0093A2F6 /* FavouriteWorker.swift in Sources */ = {isa = PBXBuildFile; fileRef = 84C37FA528B9152A0093A2F6 /* FavouriteWorker.swift */; };
		84C37FAC28B9152A0093A2F6 /* FavouriteRouter.swift in Sources */ = {isa = PBXBuildFile; fileRef = 84C37FA628B9152A0093A2F6 /* FavouriteRouter.swift */; };
		84C37FAD28B9152A0093A2F6 /* FavouriteModels.swift in Sources */ = {isa = PBXBuildFile; fileRef = 84C37FA728B9152A0093A2F6 /* FavouriteModels.swift */; };
		84C37FAE28B9152A0093A2F6 /* FavouriteViewController.swift in Sources */ = {isa = PBXBuildFile; fileRef = 84C37FA828B9152A0093A2F6 /* FavouriteViewController.swift */; };
		84C37FAF28B9152A0093A2F6 /* FavouriteInteractor.swift in Sources */ = {isa = PBXBuildFile; fileRef = 84C37FA928B9152A0093A2F6 /* FavouriteInteractor.swift */; };
/* End PBXBuildFile section */

/* Begin PBXFileReference section */
		846F8FAC28B8052300CC719C /* MirianMaglakelidze#26.app */ = {isa = PBXFileReference; explicitFileType = wrapper.application; includeInIndex = 0; path = "MirianMaglakelidze#26.app"; sourceTree = BUILT_PRODUCTS_DIR; };
		846F8FAF28B8052300CC719C /* AppDelegate.swift */ = {isa = PBXFileReference; lastKnownFileType = sourcecode.swift; path = AppDelegate.swift; sourceTree = "<group>"; };
		846F8FB128B8052300CC719C /* SceneDelegate.swift */ = {isa = PBXFileReference; lastKnownFileType = sourcecode.swift; path = SceneDelegate.swift; sourceTree = "<group>"; };
		846F8FB328B8052300CC719C /* ViewController.swift */ = {isa = PBXFileReference; lastKnownFileType = sourcecode.swift; path = ViewController.swift; sourceTree = "<group>"; };
		846F8FB628B8052300CC719C /* Base */ = {isa = PBXFileReference; lastKnownFileType = file.storyboard; name = Base; path = Base.lproj/Main.storyboard; sourceTree = "<group>"; };
		846F8FB928B8052300CC719C /* MirianMaglakelidze_26.xcdatamodel */ = {isa = PBXFileReference; lastKnownFileType = wrapper.xcdatamodel; path = MirianMaglakelidze_26.xcdatamodel; sourceTree = "<group>"; };
		846F8FBB28B8052F00CC719C /* Assets.xcassets */ = {isa = PBXFileReference; lastKnownFileType = folder.assetcatalog; path = Assets.xcassets; sourceTree = "<group>"; };
		846F8FBE28B8052F00CC719C /* Base */ = {isa = PBXFileReference; lastKnownFileType = file.storyboard; name = Base; path = Base.lproj/LaunchScreen.storyboard; sourceTree = "<group>"; };
		846F8FC028B8052F00CC719C /* Info.plist */ = {isa = PBXFileReference; lastKnownFileType = text.plist.xml; path = Info.plist; sourceTree = "<group>"; };
		846F8FC928B80F7700CC719C /* NotePresenter.swift */ = {isa = PBXFileReference; lastKnownFileType = sourcecode.swift; path = NotePresenter.swift; sourceTree = "<group>"; };
		846F8FCA28B80F7700CC719C /* NoteWorker.swift */ = {isa = PBXFileReference; lastKnownFileType = sourcecode.swift; path = NoteWorker.swift; sourceTree = "<group>"; };
		846F8FCB28B80F7700CC719C /* NoteRouter.swift */ = {isa = PBXFileReference; lastKnownFileType = sourcecode.swift; path = NoteRouter.swift; sourceTree = "<group>"; };
		846F8FCC28B80F7700CC719C /* NoteModels.swift */ = {isa = PBXFileReference; lastKnownFileType = sourcecode.swift; path = NoteModels.swift; sourceTree = "<group>"; };
		846F8FCD28B80F7700CC719C /* NoteViewController.swift */ = {isa = PBXFileReference; lastKnownFileType = sourcecode.swift; path = NoteViewController.swift; sourceTree = "<group>"; };
		846F8FCE28B80F7700CC719C /* NoteInteractor.swift */ = {isa = PBXFileReference; lastKnownFileType = sourcecode.swift; path = NoteInteractor.swift; sourceTree = "<group>"; };
		846F8FD728B8119F00CC719C /* ConstanFile.swift */ = {isa = PBXFileReference; lastKnownFileType = sourcecode.swift; path = ConstanFile.swift; sourceTree = "<group>"; };
		846F8FDC28B8126500CC719C /* NoteTableViewCell.swift */ = {isa = PBXFileReference; lastKnownFileType = sourcecode.swift; path = NoteTableViewCell.swift; sourceTree = "<group>"; };
		84C37F7028B8A1D50093A2F6 /* MyNote+CoreDataClass.swift */ = {isa = PBXFileReference; lastKnownFileType = sourcecode.swift; path = "MyNote+CoreDataClass.swift"; sourceTree = "<group>"; };
		84C37F7128B8A1D50093A2F6 /* MyNote+CoreDataProperties.swift */ = {isa = PBXFileReference; lastKnownFileType = sourcecode.swift; path = "MyNote+CoreDataProperties.swift"; sourceTree = "<group>"; };
		84C37F7728B8B5D20093A2F6 /* EditPresenter.swift */ = {isa = PBXFileReference; lastKnownFileType = sourcecode.swift; path = EditPresenter.swift; sourceTree = "<group>"; };
		84C37F7828B8B5D20093A2F6 /* EditWorker.swift */ = {isa = PBXFileReference; lastKnownFileType = sourcecode.swift; path = EditWorker.swift; sourceTree = "<group>"; };
		84C37F7928B8B5D20093A2F6 /* EditRouter.swift */ = {isa = PBXFileReference; lastKnownFileType = sourcecode.swift; path = EditRouter.swift; sourceTree = "<group>"; };
		84C37F7A28B8B5D20093A2F6 /* EditModels.swift */ = {isa = PBXFileReference; lastKnownFileType = sourcecode.swift; path = EditModels.swift; sourceTree = "<group>"; };
		84C37F7B28B8B5D20093A2F6 /* EditViewController.swift */ = {isa = PBXFileReference; lastKnownFileType = sourcecode.swift; path = EditViewController.swift; sourceTree = "<group>"; };
		84C37F7C28B8B5D20093A2F6 /* EditInteractor.swift */ = {isa = PBXFileReference; lastKnownFileType = sourcecode.swift; path = EditInteractor.swift; sourceTree = "<group>"; };
		84C37F8528B8E50D0093A2F6 /* AddPresenter.swift */ = {isa = PBXFileReference; lastKnownFileType = sourcecode.swift; path = AddPresenter.swift; sourceTree = "<group>"; };
		84C37F8628B8E50D0093A2F6 /* AddWorker.swift */ = {isa = PBXFileReference; lastKnownFileType = sourcecode.swift; path = AddWorker.swift; sourceTree = "<group>"; };
		84C37F8728B8E50D0093A2F6 /* AddRouter.swift */ = {isa = PBXFileReference; lastKnownFileType = sourcecode.swift; path = AddRouter.swift; sourceTree = "<group>"; };
		84C37F8828B8E50E0093A2F6 /* AddModels.swift */ = {isa = PBXFileReference; lastKnownFileType = sourcecode.swift; path = AddModels.swift; sourceTree = "<group>"; };
		84C37F8928B8E50E0093A2F6 /* AddViewController.swift */ = {isa = PBXFileReference; lastKnownFileType = sourcecode.swift; path = AddViewController.swift; sourceTree = "<group>"; };
		84C37F8A28B8E50E0093A2F6 /* AddInteractor.swift */ = {isa = PBXFileReference; lastKnownFileType = sourcecode.swift; path = AddInteractor.swift; sourceTree = "<group>"; };
		84C37F9328B8FAC50093A2F6 /* NoteForme.swift */ = {isa = PBXFileReference; lastKnownFileType = sourcecode.swift; path = NoteForme.swift; sourceTree = "<group>"; };
		84C37FA028B910A20093A2F6 /* TitleForAlert.swift */ = {isa = PBXFileReference; lastKnownFileType = sourcecode.swift; path = TitleForAlert.swift; sourceTree = "<group>"; };
		84C37FA428B9152A0093A2F6 /* FavouritePresenter.swift */ = {isa = PBXFileReference; lastKnownFileType = sourcecode.swift; path = FavouritePresenter.swift; sourceTree = "<group>"; };
		84C37FA528B9152A0093A2F6 /* FavouriteWorker.swift */ = {isa = PBXFileReference; lastKnownFileType = sourcecode.swift; path = FavouriteWorker.swift; sourceTree = "<group>"; };
		84C37FA628B9152A0093A2F6 /* FavouriteRouter.swift */ = {isa = PBXFileReference; lastKnownFileType = sourcecode.swift; path = FavouriteRouter.swift; sourceTree = "<group>"; };
		84C37FA728B9152A0093A2F6 /* FavouriteModels.swift */ = {isa = PBXFileReference; lastKnownFileType = sourcecode.swift; path = FavouriteModels.swift; sourceTree = "<group>"; };
		84C37FA828B9152A0093A2F6 /* FavouriteViewController.swift */ = {isa = PBXFileReference; lastKnownFileType = sourcecode.swift; path = FavouriteViewController.swift; sourceTree = "<group>"; };
		84C37FA928B9152A0093A2F6 /* FavouriteInteractor.swift */ = {isa = PBXFileReference; lastKnownFileType = sourcecode.swift; path = FavouriteInteractor.swift; sourceTree = "<group>"; };
/* End PBXFileReference section */

/* Begin PBXFrameworksBuildPhase section */
		846F8FA928B8052300CC719C /* Frameworks */ = {
			isa = PBXFrameworksBuildPhase;
			buildActionMask = 2147483647;
			files = (
			);
			runOnlyForDeploymentPostprocessing = 0;
		};
/* End PBXFrameworksBuildPhase section */

/* Begin PBXGroup section */
		846F8FA328B8052300CC719C = {
			isa = PBXGroup;
			children = (
				846F8FAE28B8052300CC719C /* MirianMaglakelidze#26 */,
				846F8FAD28B8052300CC719C /* Products */,
			);
			sourceTree = "<group>";
		};
		846F8FAD28B8052300CC719C /* Products */ = {
			isa = PBXGroup;
			children = (
				846F8FAC28B8052300CC719C /* MirianMaglakelidze#26.app */,
			);
			name = Products;
			sourceTree = "<group>";
		};
		846F8FAE28B8052300CC719C /* MirianMaglakelidze#26 */ = {
			isa = PBXGroup;
			children = (
				84C37F7028B8A1D50093A2F6 /* MyNote+CoreDataClass.swift */,
				84C37F7128B8A1D50093A2F6 /* MyNote+CoreDataProperties.swift */,
				84C37F9628B8FAD30093A2F6 /* Model */,
				846F8FDA28B8122800CC719C /* CustomCells */,
				846F8FD628B8118B00CC719C /* Conastans */,
				846F8FC728B80F2C00CC719C /* Scenes */,
				846F8FAF28B8052300CC719C /* AppDelegate.swift */,
				846F8FB128B8052300CC719C /* SceneDelegate.swift */,
				846F8FB328B8052300CC719C /* ViewController.swift */,
				846F8FB528B8052300CC719C /* Main.storyboard */,
				846F8FBB28B8052F00CC719C /* Assets.xcassets */,
				846F8FBD28B8052F00CC719C /* LaunchScreen.storyboard */,
				846F8FC028B8052F00CC719C /* Info.plist */,
				846F8FB828B8052300CC719C /* MirianMaglakelidze_26.xcdatamodeld */,
			);
			path = "MirianMaglakelidze#26";
			sourceTree = "<group>";
		};
		846F8FC728B80F2C00CC719C /* Scenes */ = {
			isa = PBXGroup;
			children = (
				84C37FA328B9150C0093A2F6 /* Favourite */,
				84C37F8428B8E4F30093A2F6 /* AddNote */,
				84C37F7628B8B5A20093A2F6 /* EditNote */,
				846F8FC828B80F5100CC719C /* Note */,
			);
			path = Scenes;
			sourceTree = "<group>";
		};
		846F8FC828B80F5100CC719C /* Note */ = {
			isa = PBXGroup;
			children = (
				846F8FC928B80F7700CC719C /* NotePresenter.swift */,
				846F8FCA28B80F7700CC719C /* NoteWorker.swift */,
				846F8FCB28B80F7700CC719C /* NoteRouter.swift */,
				846F8FCC28B80F7700CC719C /* NoteModels.swift */,
				846F8FCD28B80F7700CC719C /* NoteViewController.swift */,
				846F8FCE28B80F7700CC719C /* NoteInteractor.swift */,
			);
			path = Note;
			sourceTree = "<group>";
		};
		846F8FD628B8118B00CC719C /* Conastans */ = {
			isa = PBXGroup;
			children = (
				846F8FD728B8119F00CC719C /* ConstanFile.swift */,
			);
			path = Conastans;
			sourceTree = "<group>";
		};
		846F8FDA28B8122800CC719C /* CustomCells */ = {
			isa = PBXGroup;
			children = (
				846F8FDB28B8124600CC719C /* NoteTableVieCell */,
			);
			path = CustomCells;
			sourceTree = "<group>";
		};
		846F8FDB28B8124600CC719C /* NoteTableVieCell */ = {
			isa = PBXGroup;
			children = (
				846F8FDC28B8126500CC719C /* NoteTableViewCell.swift */,
			);
			path = NoteTableVieCell;
			sourceTree = "<group>";
		};
		84C37F7628B8B5A20093A2F6 /* EditNote */ = {
			isa = PBXGroup;
			children = (
				84C37F7728B8B5D20093A2F6 /* EditPresenter.swift */,
				84C37F7828B8B5D20093A2F6 /* EditWorker.swift */,
				84C37F7928B8B5D20093A2F6 /* EditRouter.swift */,
				84C37F7A28B8B5D20093A2F6 /* EditModels.swift */,
				84C37F7B28B8B5D20093A2F6 /* EditViewController.swift */,
				84C37F7C28B8B5D20093A2F6 /* EditInteractor.swift */,
			);
			path = EditNote;
			sourceTree = "<group>";
		};
		84C37F8428B8E4F30093A2F6 /* AddNote */ = {
			isa = PBXGroup;
			children = (
				84C37F8528B8E50D0093A2F6 /* AddPresenter.swift */,
				84C37F8628B8E50D0093A2F6 /* AddWorker.swift */,
				84C37F8728B8E50D0093A2F6 /* AddRouter.swift */,
				84C37F8828B8E50E0093A2F6 /* AddModels.swift */,
				84C37F8928B8E50E0093A2F6 /* AddViewController.swift */,
				84C37F8A28B8E50E0093A2F6 /* AddInteractor.swift */,
			);
			path = AddNote;
			sourceTree = "<group>";
		};
		84C37F9628B8FAD30093A2F6 /* Model */ = {
			isa = PBXGroup;
			children = (
				84C37F9328B8FAC50093A2F6 /* NoteForme.swift */,
				84C37FA028B910A20093A2F6 /* TitleForAlert.swift */,
			);
			path = Model;
			sourceTree = "<group>";
		};
		84C37FA328B9150C0093A2F6 /* Favourite */ = {
			isa = PBXGroup;
			children = (
				84C37FA428B9152A0093A2F6 /* FavouritePresenter.swift */,
				84C37FA528B9152A0093A2F6 /* FavouriteWorker.swift */,
				84C37FA628B9152A0093A2F6 /* FavouriteRouter.swift */,
				84C37FA728B9152A0093A2F6 /* FavouriteModels.swift */,
				84C37FA828B9152A0093A2F6 /* FavouriteViewController.swift */,
				84C37FA928B9152A0093A2F6 /* FavouriteInteractor.swift */,
			);
			path = Favourite;
			sourceTree = "<group>";
		};
/* End PBXGroup section */

/* Begin PBXNativeTarget section */
		846F8FAB28B8052300CC719C /* MirianMaglakelidze#26 */ = {
			isa = PBXNativeTarget;
			buildConfigurationList = 846F8FC328B8052F00CC719C /* Build configuration list for PBXNativeTarget "MirianMaglakelidze#26" */;
			buildPhases = (
				846F8FA828B8052300CC719C /* Sources */,
				846F8FA928B8052300CC719C /* Frameworks */,
				846F8FAA28B8052300CC719C /* Resources */,
			);
			buildRules = (
			);
			dependencies = (
			);
			name = "MirianMaglakelidze#26";
			productName = "MirianMaglakelidze#26";
			productReference = 846F8FAC28B8052300CC719C /* MirianMaglakelidze#26.app */;
			productType = "com.apple.product-type.application";
		};
/* End PBXNativeTarget section */

/* Begin PBXProject section */
		846F8FA428B8052300CC719C /* Project object */ = {
			isa = PBXProject;
			attributes = {
				LastSwiftUpdateCheck = 1240;
				LastUpgradeCheck = 1240;
				TargetAttributes = {
					846F8FAB28B8052300CC719C = {
						CreatedOnToolsVersion = 12.4;
					};
				};
			};
			buildConfigurationList = 846F8FA728B8052300CC719C /* Build configuration list for PBXProject "MirianMaglakelidze#26" */;
			compatibilityVersion = "Xcode 9.3";
			developmentRegion = en;
			hasScannedForEncodings = 0;
			knownRegions = (
				en,
				Base,
			);
			mainGroup = 846F8FA328B8052300CC719C;
			productRefGroup = 846F8FAD28B8052300CC719C /* Products */;
			projectDirPath = "";
			projectRoot = "";
			targets = (
				846F8FAB28B8052300CC719C /* MirianMaglakelidze#26 */,
			);
		};
/* End PBXProject section */

/* Begin PBXResourcesBuildPhase section */
		846F8FAA28B8052300CC719C /* Resources */ = {
			isa = PBXResourcesBuildPhase;
			buildActionMask = 2147483647;
			files = (
				846F8FBF28B8052F00CC719C /* LaunchScreen.storyboard in Resources */,
				846F8FBC28B8052F00CC719C /* Assets.xcassets in Resources */,
				846F8FB728B8052300CC719C /* Main.storyboard in Resources */,
			);
			runOnlyForDeploymentPostprocessing = 0;
		};
/* End PBXResourcesBuildPhase section */

/* Begin PBXSourcesBuildPhase section */
		846F8FA828B8052300CC719C /* Sources */ = {
			isa = PBXSourcesBuildPhase;
			buildActionMask = 2147483647;
			files = (
				84C37F8228B8B5D20093A2F6 /* EditInteractor.swift in Sources */,
				84C37F8D28B8E50E0093A2F6 /* AddRouter.swift in Sources */,
				84C37F8C28B8E50E0093A2F6 /* AddWorker.swift in Sources */,
				846F8FCF28B80F7700CC719C /* NotePresenter.swift in Sources */,
				84C37F8028B8B5D20093A2F6 /* EditModels.swift in Sources */,
				84C37FAA28B9152A0093A2F6 /* FavouritePresenter.swift in Sources */,
				84C37FAC28B9152A0093A2F6 /* FavouriteRouter.swift in Sources */,
				846F8FB428B8052300CC719C /* ViewController.swift in Sources */,
				846F8FB028B8052300CC719C /* AppDelegate.swift in Sources */,
				84C37FAD28B9152A0093A2F6 /* FavouriteModels.swift in Sources */,
				84C37F8E28B8E50E0093A2F6 /* AddModels.swift in Sources */,
				84C37F8128B8B5D20093A2F6 /* EditViewController.swift in Sources */,
				84C37F8B28B8E50E0093A2F6 /* AddPresenter.swift in Sources */,
				84C37FAE28B9152A0093A2F6 /* FavouriteViewController.swift in Sources */,
				84C37F9028B8E50E0093A2F6 /* AddInteractor.swift in Sources */,
				846F8FD028B80F7700CC719C /* NoteWorker.swift in Sources */,
				846F8FD828B8119F00CC719C /* ConstanFile.swift in Sources */,
				84C37F7D28B8B5D20093A2F6 /* EditPresenter.swift in Sources */,
				84C37FAB28B9152A0093A2F6 /* FavouriteWorker.swift in Sources */,
				846F8FD428B80F7700CC719C /* NoteInteractor.swift in Sources */,
				846F8FD328B80F7700CC719C /* NoteViewController.swift in Sources */,
				84C37F8F28B8E50E0093A2F6 /* AddViewController.swift in Sources */,
				84C37FAF28B9152A0093A2F6 /* FavouriteInteractor.swift in Sources */,
				84C37F7F28B8B5D20093A2F6 /* EditRouter.swift in Sources */,
				84C37F7328B8A1D50093A2F6 /* MyNote+CoreDataProperties.swift in Sources */,
				84C37F7228B8A1D50093A2F6 /* MyNote+CoreDataClass.swift in Sources */,
				846F8FB228B8052300CC719C /* SceneDelegate.swift in Sources */,
				84C37F9428B8FAC50093A2F6 /* NoteForme.swift in Sources */,
				84C37F7E28B8B5D20093A2F6 /* EditWorker.swift in Sources */,
				84C37FA128B910A20093A2F6 /* TitleForAlert.swift in Sources */,
				846F8FD228B80F7700CC719C /* NoteModels.swift in Sources */,
				846F8FD128B80F7700CC719C /* NoteRouter.swift in Sources */,
				846F8FBA28B8052300CC719C /* MirianMaglakelidze_26.xcdatamodeld in Sources */,
				846F8FDD28B8126500CC719C /* NoteTableViewCell.swift in Sources */,
			);
			runOnlyForDeploymentPostprocessing = 0;
		};
/* End PBXSourcesBuildPhase section */

/* Begin PBXVariantGroup section */
		846F8FB528B8052300CC719C /* Main.storyboard */ = {
			isa = PBXVariantGroup;
			children = (
				846F8FB628B8052300CC719C /* Base */,
			);
			name = Main.storyboard;
			sourceTree = "<group>";
		};
		846F8FBD28B8052F00CC719C /* LaunchScreen.storyboard */ = {
			isa = PBXVariantGroup;
			children = (
				846F8FBE28B8052F00CC719C /* Base */,
			);
			name = LaunchScreen.storyboard;
			sourceTree = "<group>";
		};
/* End PBXVariantGroup section */

/* Begin XCBuildConfiguration section */
		846F8FC128B8052F00CC719C /* Debug */ = {
			isa = XCBuildConfiguration;
			buildSettings = {
				ALWAYS_SEARCH_USER_PATHS = NO;
				CLANG_ANALYZER_NONNULL = YES;
				CLANG_ANALYZER_NUMBER_OBJECT_CONVERSION = YES_AGGRESSIVE;
				CLANG_CXX_LANGUAGE_STANDARD = "gnu++14";
				CLANG_CXX_LIBRARY = "libc++";
				CLANG_ENABLE_MODULES = YES;
				CLANG_ENABLE_OBJC_ARC = YES;
				CLANG_ENABLE_OBJC_WEAK = YES;
				CLANG_WARN_BLOCK_CAPTURE_AUTORELEASING = YES;
				CLANG_WARN_BOOL_CONVERSION = YES;
				CLANG_WARN_COMMA = YES;
				CLANG_WARN_CONSTANT_CONVERSION = YES;
				CLANG_WARN_DEPRECATED_OBJC_IMPLEMENTATIONS = YES;
				CLANG_WARN_DIRECT_OBJC_ISA_USAGE = YES_ERROR;
				CLANG_WARN_DOCUMENTATION_COMMENTS = YES;
				CLANG_WARN_EMPTY_BODY = YES;
				CLANG_WARN_ENUM_CONVERSION = YES;
				CLANG_WARN_INFINITE_RECURSION = YES;
				CLANG_WARN_INT_CONVERSION = YES;
				CLANG_WARN_NON_LITERAL_NULL_CONVERSION = YES;
				CLANG_WARN_OBJC_IMPLICIT_RETAIN_SELF = YES;
				CLANG_WARN_OBJC_LITERAL_CONVERSION = YES;
				CLANG_WARN_OBJC_ROOT_CLASS = YES_ERROR;
				CLANG_WARN_QUOTED_INCLUDE_IN_FRAMEWORK_HEADER = YES;
				CLANG_WARN_RANGE_LOOP_ANALYSIS = YES;
				CLANG_WARN_STRICT_PROTOTYPES = YES;
				CLANG_WARN_SUSPICIOUS_MOVE = YES;
				CLANG_WARN_UNGUARDED_AVAILABILITY = YES_AGGRESSIVE;
				CLANG_WARN_UNREACHABLE_CODE = YES;
				CLANG_WARN__DUPLICATE_METHOD_MATCH = YES;
				COPY_PHASE_STRIP = NO;
				DEBUG_INFORMATION_FORMAT = dwarf;
				ENABLE_STRICT_OBJC_MSGSEND = YES;
				ENABLE_TESTABILITY = YES;
				GCC_C_LANGUAGE_STANDARD = gnu11;
				GCC_DYNAMIC_NO_PIC = NO;
				GCC_NO_COMMON_BLOCKS = YES;
				GCC_OPTIMIZATION_LEVEL = 0;
				GCC_PREPROCESSOR_DEFINITIONS = (
					"DEBUG=1",
					"$(inherited)",
				);
				GCC_WARN_64_TO_32_BIT_CONVERSION = YES;
				GCC_WARN_ABOUT_RETURN_TYPE = YES_ERROR;
				GCC_WARN_UNDECLARED_SELECTOR = YES;
				GCC_WARN_UNINITIALIZED_AUTOS = YES_AGGRESSIVE;
				GCC_WARN_UNUSED_FUNCTION = YES;
				GCC_WARN_UNUSED_VARIABLE = YES;
				IPHONEOS_DEPLOYMENT_TARGET = 14.4;
				MTL_ENABLE_DEBUG_INFO = INCLUDE_SOURCE;
				MTL_FAST_MATH = YES;
				ONLY_ACTIVE_ARCH = YES;
				SDKROOT = iphoneos;
				SWIFT_ACTIVE_COMPILATION_CONDITIONS = DEBUG;
				SWIFT_OPTIMIZATION_LEVEL = "-Onone";
			};
			name = Debug;
		};
		846F8FC228B8052F00CC719C /* Release */ = {
			isa = XCBuildConfiguration;
			buildSettings = {
				ALWAYS_SEARCH_USER_PATHS = NO;
				CLANG_ANALYZER_NONNULL = YES;
				CLANG_ANALYZER_NUMBER_OBJECT_CONVERSION = YES_AGGRESSIVE;
				CLANG_CXX_LANGUAGE_STANDARD = "gnu++14";
				CLANG_CXX_LIBRARY = "libc++";
				CLANG_ENABLE_MODULES = YES;
				CLANG_ENABLE_OBJC_ARC = YES;
				CLANG_ENABLE_OBJC_WEAK = YES;
				CLANG_WARN_BLOCK_CAPTURE_AUTORELEASING = YES;
				CLANG_WARN_BOOL_CONVERSION = YES;
				CLANG_WARN_COMMA = YES;
				CLANG_WARN_CONSTANT_CONVERSION = YES;
				CLANG_WARN_DEPRECATED_OBJC_IMPLEMENTATIONS = YES;
				CLANG_WARN_DIRECT_OBJC_ISA_USAGE = YES_ERROR;
				CLANG_WARN_DOCUMENTATION_COMMENTS = YES;
				CLANG_WARN_EMPTY_BODY = YES;
				CLANG_WARN_ENUM_CONVERSION = YES;
				CLANG_WARN_INFINITE_RECURSION = YES;
				CLANG_WARN_INT_CONVERSION = YES;
				CLANG_WARN_NON_LITERAL_NULL_CONVERSION = YES;
				CLANG_WARN_OBJC_IMPLICIT_RETAIN_SELF = YES;
				CLANG_WARN_OBJC_LITERAL_CONVERSION = YES;
				CLANG_WARN_OBJC_ROOT_CLASS = YES_ERROR;
				CLANG_WARN_QUOTED_INCLUDE_IN_FRAMEWORK_HEADER = YES;
				CLANG_WARN_RANGE_LOOP_ANALYSIS = YES;
				CLANG_WARN_STRICT_PROTOTYPES = YES;
				CLANG_WARN_SUSPICIOUS_MOVE = YES;
				CLANG_WARN_UNGUARDED_AVAILABILITY = YES_AGGRESSIVE;
				CLANG_WARN_UNREACHABLE_CODE = YES;
				CLANG_WARN__DUPLICATE_METHOD_MATCH = YES;
				COPY_PHASE_STRIP = NO;
				DEBUG_INFORMATION_FORMAT = "dwarf-with-dsym";
				ENABLE_NS_ASSERTIONS = NO;
				ENABLE_STRICT_OBJC_MSGSEND = YES;
				GCC_C_LANGUAGE_STANDARD = gnu11;
				GCC_NO_COMMON_BLOCKS = YES;
				GCC_WARN_64_TO_32_BIT_CONVERSION = YES;
				GCC_WARN_ABOUT_RETURN_TYPE = YES_ERROR;
				GCC_WARN_UNDECLARED_SELECTOR = YES;
				GCC_WARN_UNINITIALIZED_AUTOS = YES_AGGRESSIVE;
				GCC_WARN_UNUSED_FUNCTION = YES;
				GCC_WARN_UNUSED_VARIABLE = YES;
				IPHONEOS_DEPLOYMENT_TARGET = 14.4;
				MTL_ENABLE_DEBUG_INFO = NO;
				MTL_FAST_MATH = YES;
				SDKROOT = iphoneos;
				SWIFT_COMPILATION_MODE = wholemodule;
				SWIFT_OPTIMIZATION_LEVEL = "-O";
				VALIDATE_PRODUCT = YES;
			};
			name = Release;
		};
		846F8FC428B8052F00CC719C /* Debug */ = {
			isa = XCBuildConfiguration;
			buildSettings = {
				ASSETCATALOG_COMPILER_APPICON_NAME = AppIcon;
				ASSETCATALOG_COMPILER_GLOBAL_ACCENT_COLOR_NAME = AccentColor;
				CODE_SIGN_STYLE = Automatic;
				INFOPLIST_FILE = "MirianMaglakelidze#26/Info.plist";
				LD_RUNPATH_SEARCH_PATHS = (
					"$(inherited)",
					"@executable_path/Frameworks",
				);
				PRODUCT_BUNDLE_IDENTIFIER = "Mirian-maglakelidze.MirianMaglakelidze-26";
				PRODUCT_NAME = "$(TARGET_NAME)";
				SWIFT_VERSION = 5.0;
				TARGETED_DEVICE_FAMILY = "1,2";
			};
			name = Debug;
		};
		846F8FC528B8052F00CC719C /* Release */ = {
			isa = XCBuildConfiguration;
			buildSettings = {
				ASSETCATALOG_COMPILER_APPICON_NAME = AppIcon;
				ASSETCATALOG_COMPILER_GLOBAL_ACCENT_COLOR_NAME = AccentColor;
				CODE_SIGN_STYLE = Automatic;
				INFOPLIST_FILE = "MirianMaglakelidze#26/Info.plist";
				LD_RUNPATH_SEARCH_PATHS = (
					"$(inherited)",
					"@executable_path/Frameworks",
				);
				PRODUCT_BUNDLE_IDENTIFIER = "Mirian-maglakelidze.MirianMaglakelidze-26";
				PRODUCT_NAME = "$(TARGET_NAME)";
				SWIFT_VERSION = 5.0;
				TARGETED_DEVICE_FAMILY = "1,2";
			};
			name = Release;
		};
/* End XCBuildConfiguration section */

/* Begin XCConfigurationList section */
		846F8FA728B8052300CC719C /* Build configuration list for PBXProject "MirianMaglakelidze#26" */ = {
			isa = XCConfigurationList;
			buildConfigurations = (
				846F8FC128B8052F00CC719C /* Debug */,
				846F8FC228B8052F00CC719C /* Release */,
			);
			defaultConfigurationIsVisible = 0;
			defaultConfigurationName = Release;
		};
		846F8FC328B8052F00CC719C /* Build configuration list for PBXNativeTarget "MirianMaglakelidze#26" */ = {
			isa = XCConfigurationList;
			buildConfigurations = (
				846F8FC428B8052F00CC719C /* Debug */,
				846F8FC528B8052F00CC719C /* Release */,
			);
			defaultConfigurationIsVisible = 0;
			defaultConfigurationName = Release;
		};
/* End XCConfigurationList section */

/* Begin XCVersionGroup section */
		846F8FB828B8052300CC719C /* MirianMaglakelidze_26.xcdatamodeld */ = {
			isa = XCVersionGroup;
			children = (
				846F8FB928B8052300CC719C /* MirianMaglakelidze_26.xcdatamodel */,
			);
			currentVersion = 846F8FB928B8052300CC719C /* MirianMaglakelidze_26.xcdatamodel */;
			path = MirianMaglakelidze_26.xcdatamodeld;
			sourceTree = "<group>";
			versionGroupType = wrapper.xcdatamodel;
		};
/* End XCVersionGroup section */
	};
	rootObject = 846F8FA428B8052300CC719C /* Project object */;
}
